
Microsoft Visual Studio Solution File, Format Version 12.00
# Visual Studio 15
VisualStudioVersion = 15.0.28307.539
MinimumVisualStudioVersion = 10.0.40219.1
Project("{FAE04EC0-301F-11D3-BF4B-00C04F79EFBC}") = "LocationTracker.Android", "LocationTracker\LocationTracker.Android\LocationTracker.Android.csproj", "{60FF8B60-6D36-4430-B0A3-C5B9BCE0DC52}"
EndProject
Project("{FAE04EC0-301F-11D3-BF4B-00C04F79EFBC}") = "LocationTracker.iOS", "LocationTracker\LocationTracker.iOS\LocationTracker.iOS.csproj", "{BDD95574-D9C2-4AAC-8421-D6DA04019490}"
EndProject
Project("{FAE04EC0-301F-11D3-BF4B-00C04F79EFBC}") = "LocationTracker.UWP", "LocationTracker\LocationTracker.UWP\LocationTracker.UWP.csproj", "{28BB4A6B-718E-4075-A996-73DB5B249E7D}"
EndProject
Project("{FAE04EC0-301F-11D3-BF4B-00C04F79EFBC}") = "LocationTracker", "LocationTracker\LocationTracker\LocationTracker.csproj", "{426F8D5B-E83D-435E-AE93-7BA6FC9B60A1}"
EndProject
Global
	GlobalSection(SolutionConfigurationPlatforms) = preSolution
		Ad-Hoc|Any CPU = Ad-Hoc|Any CPU
		Ad-Hoc|ARM = Ad-Hoc|ARM
		Ad-Hoc|iPhone = Ad-Hoc|iPhone
		Ad-Hoc|iPhoneSimulator = Ad-Hoc|iPhoneSimulator
		Ad-Hoc|x64 = Ad-Hoc|x64
		Ad-Hoc|x86 = Ad-Hoc|x86
		AppStore|Any CPU = AppStore|Any CPU
		AppStore|ARM = AppStore|ARM
		AppStore|iPhone = AppStore|iPhone
		AppStore|iPhoneSimulator = AppStore|iPhoneSimulator
		AppStore|x64 = AppStore|x64
		AppStore|x86 = AppStore|x86
		Debug|Any CPU = Debug|Any CPU
		Debug|ARM = Debug|ARM
		Debug|iPhone = Debug|iPhone
		Debug|iPhoneSimulator = Debug|iPhoneSimulator
		Debug|x64 = Debug|x64
		Debug|x86 = Debug|x86
		Release|Any CPU = Release|Any CPU
		Release|ARM = Release|ARM
		Release|iPhone = Release|iPhone
		Release|iPhoneSimulator = Release|iPhoneSimulator
		Release|x64 = Release|x64
		Release|x86 = Release|x86
	EndGlobalSection
	GlobalSection(ProjectConfigurationPlatforms) = postSolution
		{60FF8B60-6D36-4430-B0A3-C5B9BCE0DC52}.Ad-Hoc|Any CPU.ActiveCfg = Release|Any CPU
		{60FF8B60-6D36-4430-B0A3-C5B9BCE0DC52}.Ad-Hoc|Any CPU.Build.0 = Release|Any CPU
		{60FF8B60-6D36-4430-B0A3-C5B9BCE0DC52}.Ad-Hoc|Any CPU.Deploy.0 = Release|Any CPU
		{60FF8B60-6D36-4430-B0A3-C5B9BCE0DC52}.Ad-Hoc|ARM.ActiveCfg = Release|Any CPU
		{60FF8B60-6D36-4430-B0A3-C5B9BCE0DC52}.Ad-Hoc|ARM.Build.0 = Release|Any CPU
		{60FF8B60-6D36-4430-B0A3-C5B9BCE0DC52}.Ad-Hoc|ARM.Deploy.0 = Release|Any CPU
		{60FF8B60-6D36-4430-B0A3-C5B9BCE0DC52}.Ad-Hoc|iPhone.ActiveCfg = Release|Any CPU
		{60FF8B60-6D36-4430-B0A3-C5B9BCE0DC52}.Ad-Hoc|iPhone.Build.0 = Release|Any CPU
		{60FF8B60-6D36-4430-B0A3-C5B9BCE0DC52}.Ad-Hoc|iPhone.Deploy.0 = Release|Any CPU
		{60FF8B60-6D36-4430-B0A3-C5B9BCE0DC52}.Ad-Hoc|iPhoneSimulator.ActiveCfg = Release|Any CPU
		{60FF8B60-6D36-4430-B0A3-C5B9BCE0DC52}.Ad-Hoc|iPhoneSimulator.Build.0 = Release|Any CPU
		{60FF8B60-6D36-4430-B0A3-C5B9BCE0DC52}.Ad-Hoc|iPhoneSimulator.Deploy.0 = Release|Any CPU
		{60FF8B60-6D36-4430-B0A3-C5B9BCE0DC52}.Ad-Hoc|x64.ActiveCfg = Release|Any CPU
		{60FF8B60-6D36-4430-B0A3-C5B9BCE0DC52}.Ad-Hoc|x64.Build.0 = Release|Any CPU
		{60FF8B60-6D36-4430-B0A3-C5B9BCE0DC52}.Ad-Hoc|x64.Deploy.0 = Release|Any CPU
		{60FF8B60-6D36-4430-B0A3-C5B9BCE0DC52}.Ad-Hoc|x86.ActiveCfg = Release|Any CPU
		{60FF8B60-6D36-4430-B0A3-C5B9BCE0DC52}.Ad-Hoc|x86.Build.0 = Release|Any CPU
		{60FF8B60-6D36-4430-B0A3-C5B9BCE0DC52}.Ad-Hoc|x86.Deploy.0 = Release|Any CPU
		{60FF8B60-6D36-4430-B0A3-C5B9BCE0DC52}.AppStore|Any CPU.ActiveCfg = Release|Any CPU
		{60FF8B60-6D36-4430-B0A3-C5B9BCE0DC52}.AppStore|Any CPU.Build.0 = Release|Any CPU
		{60FF8B60-6D36-4430-B0A3-C5B9BCE0DC52}.AppStore|Any CPU.Deploy.0 = Release|Any CPU
		{60FF8B60-6D36-4430-B0A3-C5B9BCE0DC52}.AppStore|ARM.ActiveCfg = Release|Any CPU
		{60FF8B60-6D36-4430-B0A3-C5B9BCE0DC52}.AppStore|ARM.Build.0 = Release|Any CPU
		{60FF8B60-6D36-4430-B0A3-C5B9BCE0DC52}.AppStore|ARM.Deploy.0 = Release|Any CPU
		{60FF8B60-6D36-4430-B0A3-C5B9BCE0DC52}.AppStore|iPhone.ActiveCfg = Release|Any CPU
		{60FF8B60-6D36-4430-B0A3-C5B9BCE0DC52}.AppStore|iPhone.Build.0 = Release|Any CPU
		{60FF8B60-6D36-4430-B0A3-C5B9BCE0DC52}.AppStore|iPhone.Deploy.0 = Release|Any CPU
		{60FF8B60-6D36-4430-B0A3-C5B9BCE0DC52}.AppStore|iPhoneSimulator.ActiveCfg = Release|Any CPU
		{60FF8B60-6D36-4430-B0A3-C5B9BCE0DC52}.AppStore|iPhoneSimulator.Build.0 = Release|Any CPU
		{60FF8B60-6D36-4430-B0A3-C5B9BCE0DC52}.AppStore|iPhoneSimulator.Deploy.0 = Release|Any CPU
		{60FF8B60-6D36-4430-B0A3-C5B9BCE0DC52}.AppStore|x64.ActiveCfg = Release|Any CPU
		{60FF8B60-6D36-4430-B0A3-C5B9BCE0DC52}.AppStore|x64.Build.0 = Release|Any CPU
		{60FF8B60-6D36-4430-B0A3-C5B9BCE0DC52}.AppStore|x64.Deploy.0 = Release|Any CPU
		{60FF8B60-6D36-4430-B0A3-C5B9BCE0DC52}.AppStore|x86.ActiveCfg = Release|Any CPU
		{60FF8B60-6D36-4430-B0A3-C5B9BCE0DC52}.AppStore|x86.Build.0 = Release|Any CPU
		{60FF8B60-6D36-4430-B0A3-C5B9BCE0DC52}.AppStore|x86.Deploy.0 = Release|Any CPU
		{60FF8B60-6D36-4430-B0A3-C5B9BCE0DC52}.Debug|Any CPU.ActiveCfg = Debug|Any CPU
		{60FF8B60-6D36-4430-B0A3-C5B9BCE0DC52}.Debug|Any CPU.Build.0 = Debug|Any CPU
		{60FF8B60-6D36-4430-B0A3-C5B9BCE0DC52}.Debug|Any CPU.Deploy.0 = Debug|Any CPU
		{60FF8B60-6D36-4430-B0A3-C5B9BCE0DC52}.Debug|ARM.ActiveCfg = Debug|Any CPU
		{60FF8B60-6D36-4430-B0A3-C5B9BCE0DC52}.Debug|ARM.Build.0 = Debug|Any CPU
		{60FF8B60-6D36-4430-B0A3-C5B9BCE0DC52}.Debug|ARM.Deploy.0 = Debug|Any CPU
		{60FF8B60-6D36-4430-B0A3-C5B9BCE0DC52}.Debug|iPhone.ActiveCfg = Debug|Any CPU
		{60FF8B60-6D36-4430-B0A3-C5B9BCE0DC52}.Debug|iPhone.Build.0 = Debug|Any CPU
		{60FF8B60-6D36-4430-B0A3-C5B9BCE0DC52}.Debug|iPhone.Deploy.0 = Debug|Any CPU
		{60FF8B60-6D36-4430-B0A3-C5B9BCE0DC52}.Debug|iPhoneSimulator.ActiveCfg = Debug|Any CPU
		{60FF8B60-6D36-4430-B0A3-C5B9BCE0DC52}.Debug|iPhoneSimulator.Build.0 = Debug|Any CPU
		{60FF8B60-6D36-4430-B0A3-C5B9BCE0DC52}.Debug|iPhoneSimulator.Deploy.0 = Debug|Any CPU
		{60FF8B60-6D36-4430-B0A3-C5B9BCE0DC52}.Debug|x64.ActiveCfg = Debug|Any CPU
		{60FF8B60-6D36-4430-B0A3-C5B9BCE0DC52}.Debug|x64.Build.0 = Debug|Any CPU
		{60FF8B60-6D36-4430-B0A3-C5B9BCE0DC52}.Debug|x64.Deploy.0 = Debug|Any CPU
		{60FF8B60-6D36-4430-B0A3-C5B9BCE0DC52}.Debug|x86.ActiveCfg = Debug|Any CPU
		{60FF8B60-6D36-4430-B0A3-C5B9BCE0DC52}.Debug|x86.Build.0 = Debug|Any CPU
		{60FF8B60-6D36-4430-B0A3-C5B9BCE0DC52}.Debug|x86.Deploy.0 = Debug|Any CPU
		{60FF8B60-6D36-4430-B0A3-C5B9BCE0DC52}.Release|Any CPU.ActiveCfg = Release|Any CPU
		{60FF8B60-6D36-4430-B0A3-C5B9BCE0DC52}.Release|Any CPU.Build.0 = Release|Any CPU
		{60FF8B60-6D36-4430-B0A3-C5B9BCE0DC52}.Release|Any CPU.Deploy.0 = Release|Any CPU
		{60FF8B60-6D36-4430-B0A3-C5B9BCE0DC52}.Release|ARM.ActiveCfg = Release|Any CPU
		{60FF8B60-6D36-4430-B0A3-C5B9BCE0DC52}.Release|ARM.Build.0 = Release|Any CPU
		{60FF8B60-6D36-4430-B0A3-C5B9BCE0DC52}.Release|ARM.Deploy.0 = Release|Any CPU
		{60FF8B60-6D36-4430-B0A3-C5B9BCE0DC52}.Release|iPhone.ActiveCfg = Release|Any CPU
		{60FF8B60-6D36-4430-B0A3-C5B9BCE0DC52}.Release|iPhone.Build.0 = Release|Any CPU
		{60FF8B60-6D36-4430-B0A3-C5B9BCE0DC52}.Release|iPhone.Deploy.0 = Release|Any CPU
		{60FF8B60-6D36-4430-B0A3-C5B9BCE0DC52}.Release|iPhoneSimulator.ActiveCfg = Release|Any CPU
		{60FF8B60-6D36-4430-B0A3-C5B9BCE0DC52}.Release|iPhoneSimulator.Build.0 = Release|Any CPU
		{60FF8B60-6D36-4430-B0A3-C5B9BCE0DC52}.Release|iPhoneSimulator.Deploy.0 = Release|Any CPU
		{60FF8B60-6D36-4430-B0A3-C5B9BCE0DC52}.Release|x64.ActiveCfg = Release|Any CPU
		{60FF8B60-6D36-4430-B0A3-C5B9BCE0DC52}.Release|x64.Build.0 = Release|Any CPU
		{60FF8B60-6D36-4430-B0A3-C5B9BCE0DC52}.Release|x64.Deploy.0 = Release|Any CPU
		{60FF8B60-6D36-4430-B0A3-C5B9BCE0DC52}.Release|x86.ActiveCfg = Release|Any CPU
		{60FF8B60-6D36-4430-B0A3-C5B9BCE0DC52}.Release|x86.Build.0 = Release|Any CPU
		{60FF8B60-6D36-4430-B0A3-C5B9BCE0DC52}.Release|x86.Deploy.0 = Release|Any CPU
		{BDD95574-D9C2-4AAC-8421-D6DA04019490}.Ad-Hoc|Any CPU.ActiveCfg = Ad-Hoc|iPhone
		{BDD95574-D9C2-4AAC-8421-D6DA04019490}.Ad-Hoc|Any CPU.Build.0 = Ad-Hoc|iPhone
		{BDD95574-D9C2-4AAC-8421-D6DA04019490}.Ad-Hoc|Any CPU.Deploy.0 = Ad-Hoc|iPhone
		{BDD95574-D9C2-4AAC-8421-D6DA04019490}.Ad-Hoc|ARM.ActiveCfg = Ad-Hoc|iPhone
		{BDD95574-D9C2-4AAC-8421-D6DA04019490}.Ad-Hoc|ARM.Build.0 = Ad-Hoc|iPhone
		{BDD95574-D9C2-4AAC-8421-D6DA04019490}.Ad-Hoc|ARM.Deploy.0 = Ad-Hoc|iPhone
		{BDD95574-D9C2-4AAC-8421-D6DA04019490}.Ad-Hoc|iPhone.ActiveCfg = Ad-Hoc|iPhone
		{BDD95574-D9C2-4AAC-8421-D6DA04019490}.Ad-Hoc|iPhone.Build.0 = Ad-Hoc|iPhone
		{BDD95574-D9C2-4AAC-8421-D6DA04019490}.Ad-Hoc|iPhone.Deploy.0 = Ad-Hoc|iPhone
		{BDD95574-D9C2-4AAC-8421-D6DA04019490}.Ad-Hoc|iPhoneSimulator.ActiveCfg = Ad-Hoc|iPhoneSimulator
		{BDD95574-D9C2-4AAC-8421-D6DA04019490}.Ad-Hoc|iPhoneSimulator.Build.0 = Ad-Hoc|iPhoneSimulator
		{BDD95574-D9C2-4AAC-8421-D6DA04019490}.Ad-Hoc|iPhoneSimulator.Deploy.0 = Ad-Hoc|iPhoneSimulator
		{BDD95574-D9C2-4AAC-8421-D6DA04019490}.Ad-Hoc|x64.ActiveCfg = Ad-Hoc|iPhone
		{BDD95574-D9C2-4AAC-8421-D6DA04019490}.Ad-Hoc|x64.Build.0 = Ad-Hoc|iPhone
		{BDD95574-D9C2-4AAC-8421-D6DA04019490}.Ad-Hoc|x64.Deploy.0 = Ad-Hoc|iPhone
		{BDD95574-D9C2-4AAC-8421-D6DA04019490}.Ad-Hoc|x86.ActiveCfg = Ad-Hoc|iPhone
		{BDD95574-D9C2-4AAC-8421-D6DA04019490}.Ad-Hoc|x86.Build.0 = Ad-Hoc|iPhone
		{BDD95574-D9C2-4AAC-8421-D6DA04019490}.Ad-Hoc|x86.Deploy.0 = Ad-Hoc|iPhone
		{BDD95574-D9C2-4AAC-8421-D6DA04019490}.AppStore|Any CPU.ActiveCfg = AppStore|iPhone
		{BDD95574-D9C2-4AAC-8421-D6DA04019490}.AppStore|Any CPU.Build.0 = AppStore|iPhone
		{BDD95574-D9C2-4AAC-8421-D6DA04019490}.AppStore|Any CPU.Deploy.0 = AppStore|iPhone
		{BDD95574-D9C2-4AAC-8421-D6DA04019490}.AppStore|ARM.ActiveCfg = AppStore|iPhone
		{BDD95574-D9C2-4AAC-8421-D6DA04019490}.AppStore|ARM.Build.0 = AppStore|iPhone
		{BDD95574-D9C2-4AAC-8421-D6DA04019490}.AppStore|ARM.Deploy.0 = AppStore|iPhone
		{BDD95574-D9C2-4AAC-8421-D6DA04019490}.AppStore|iPhone.ActiveCfg = AppStore|iPhone
		{BDD95574-D9C2-4AAC-8421-D6DA04019490}.AppStore|iPhone.Build.0 = AppStore|iPhone
		{BDD95574-D9C2-4AAC-8421-D6DA04019490}.AppStore|iPhone.Deploy.0 = AppStore|iPhone
		{BDD95574-D9C2-4AAC-8421-D6DA04019490}.AppStore|iPhoneSimulator.ActiveCfg = AppStore|iPhoneSimulator
		{BDD95574-D9C2-4AAC-8421-D6DA04019490}.AppStore|iPhoneSimulator.Build.0 = AppStore|iPhoneSimulator
		{BDD95574-D9C2-4AAC-8421-D6DA04019490}.AppStore|iPhoneSimulator.Deploy.0 = AppStore|iPhoneSimulator
		{BDD95574-D9C2-4AAC-8421-D6DA04019490}.AppStore|x64.ActiveCfg = AppStore|iPhone
		{BDD95574-D9C2-4AAC-8421-D6DA04019490}.AppStore|x64.Build.0 = AppStore|iPhone
		{BDD95574-D9C2-4AAC-8421-D6DA04019490}.AppStore|x64.Deploy.0 = AppStore|iPhone
		{BDD95574-D9C2-4AAC-8421-D6DA04019490}.AppStore|x86.ActiveCfg = AppStore|iPhone
		{BDD95574-D9C2-4AAC-8421-D6DA04019490}.AppStore|x86.Build.0 = AppStore|iPhone
		{BDD95574-D9C2-4AAC-8421-D6DA04019490}.AppStore|x86.Deploy.0 = AppStore|iPhone
		{BDD95574-D9C2-4AAC-8421-D6DA04019490}.Debug|Any CPU.ActiveCfg = Debug|iPhoneSimulator
		{BDD95574-D9C2-4AAC-8421-D6DA04019490}.Debug|Any CPU.Build.0 = Debug|iPhoneSimulator
		{BDD95574-D9C2-4AAC-8421-D6DA04019490}.Debug|Any CPU.Deploy.0 = Debug|iPhoneSimulator
		{BDD95574-D9C2-4AAC-8421-D6DA04019490}.Debug|ARM.ActiveCfg = Debug|iPhone
		{BDD95574-D9C2-4AAC-8421-D6DA04019490}.Debug|ARM.Build.0 = Debug|iPhone
		{BDD95574-D9C2-4AAC-8421-D6DA04019490}.Debug|ARM.Deploy.0 = Debug|iPhone
		{BDD95574-D9C2-4AAC-8421-D6DA04019490}.Debug|iPhone.ActiveCfg = Debug|iPhone
		{BDD95574-D9C2-4AAC-8421-D6DA04019490}.Debug|iPhone.Build.0 = Debug|iPhone
		{BDD95574-D9C2-4AAC-8421-D6DA04019490}.Debug|iPhone.Deploy.0 = Debug|iPhone
		{BDD95574-D9C2-4AAC-8421-D6DA04019490}.Debug|iPhoneSimulator.ActiveCfg = Debug|iPhoneSimulator
		{BDD95574-D9C2-4AAC-8421-D6DA04019490}.Debug|iPhoneSimulator.Build.0 = Debug|iPhoneSimulator
		{BDD95574-D9C2-4AAC-8421-D6DA04019490}.Debug|iPhoneSimulator.Deploy.0 = Debug|iPhoneSimulator
		{BDD95574-D9C2-4AAC-8421-D6DA04019490}.Debug|x64.ActiveCfg = Debug|iPhone
		{BDD95574-D9C2-4AAC-8421-D6DA04019490}.Debug|x64.Build.0 = Debug|iPhone
		{BDD95574-D9C2-4AAC-8421-D6DA04019490}.Debug|x64.Deploy.0 = Debug|iPhone
		{BDD95574-D9C2-4AAC-8421-D6DA04019490}.Debug|x86.ActiveCfg = Debug|iPhone
		{BDD95574-D9C2-4AAC-8421-D6DA04019490}.Debug|x86.Build.0 = Debug|iPhone
		{BDD95574-D9C2-4AAC-8421-D6DA04019490}.Debug|x86.Deploy.0 = Debug|iPhone
		{BDD95574-D9C2-4AAC-8421-D6DA04019490}.Release|Any CPU.ActiveCfg = Release|iPhone
		{BDD95574-D9C2-4AAC-8421-D6DA04019490}.Release|Any CPU.Build.0 = Release|iPhone
		{BDD95574-D9C2-4AAC-8421-D6DA04019490}.Release|Any CPU.Deploy.0 = Release|iPhone
		{BDD95574-D9C2-4AAC-8421-D6DA04019490}.Release|ARM.ActiveCfg = Release|iPhone
		{BDD95574-D9C2-4AAC-8421-D6DA04019490}.Release|ARM.Build.0 = Release|iPhone
		{BDD95574-D9C2-4AAC-8421-D6DA04019490}.Release|ARM.Deploy.0 = Release|iPhone
		{BDD95574-D9C2-4AAC-8421-D6DA04019490}.Release|iPhone.ActiveCfg = Release|iPhone
		{BDD95574-D9C2-4AAC-8421-D6DA04019490}.Release|iPhone.Build.0 = Release|iPhone
		{BDD95574-D9C2-4AAC-8421-D6DA04019490}.Release|iPhone.Deploy.0 = Release|iPhone
		{BDD95574-D9C2-4AAC-8421-D6DA04019490}.Release|iPhoneSimulator.ActiveCfg = Release|iPhoneSimulator
		{BDD95574-D9C2-4AAC-8421-D6DA04019490}.Release|iPhoneSimulator.Build.0 = Release|iPhoneSimulator
		{BDD95574-D9C2-4AAC-8421-D6DA04019490}.Release|iPhoneSimulator.Deploy.0 = Release|iPhoneSimulator
		{BDD95574-D9C2-4AAC-8421-D6DA04019490}.Release|x64.ActiveCfg = Release|iPhone
		{BDD95574-D9C2-4AAC-8421-D6DA04019490}.Release|x64.Build.0 = Release|iPhone
		{BDD95574-D9C2-4AAC-8421-D6DA04019490}.Release|x64.Deploy.0 = Release|iPhone
		{BDD95574-D9C2-4AAC-8421-D6DA04019490}.Release|x86.ActiveCfg = Release|iPhone
		{BDD95574-D9C2-4AAC-8421-D6DA04019490}.Release|x86.Build.0 = Release|iPhone
		{BDD95574-D9C2-4AAC-8421-D6DA04019490}.Release|x86.Deploy.0 = Release|iPhone
		{28BB4A6B-718E-4075-A996-73DB5B249E7D}.Ad-Hoc|Any CPU.ActiveCfg = Release|x86
		{28BB4A6B-718E-4075-A996-73DB5B249E7D}.Ad-Hoc|Any CPU.Build.0 = Release|x86
		{28BB4A6B-718E-4075-A996-73DB5B249E7D}.Ad-Hoc|Any CPU.Deploy.0 = Release|x86
		{28BB4A6B-718E-4075-A996-73DB5B249E7D}.Ad-Hoc|ARM.ActiveCfg = Release|ARM
		{28BB4A6B-718E-4075-A996-73DB5B249E7D}.Ad-Hoc|ARM.Build.0 = Release|ARM
		{28BB4A6B-718E-4075-A996-73DB5B249E7D}.Ad-Hoc|ARM.Deploy.0 = Release|ARM
		{28BB4A6B-718E-4075-A996-73DB5B249E7D}.Ad-Hoc|iPhone.ActiveCfg = Release|x86
		{28BB4A6B-718E-4075-A996-73DB5B249E7D}.Ad-Hoc|iPhone.Build.0 = Release|x86
		{28BB4A6B-718E-4075-A996-73DB5B249E7D}.Ad-Hoc|iPhone.Deploy.0 = Release|x86
		{28BB4A6B-718E-4075-A996-73DB5B249E7D}.Ad-Hoc|iPhoneSimulator.ActiveCfg = Release|x86
		{28BB4A6B-718E-4075-A996-73DB5B249E7D}.Ad-Hoc|iPhoneSimulator.Build.0 = Release|x86
		{28BB4A6B-718E-4075-A996-73DB5B249E7D}.Ad-Hoc|iPhoneSimulator.Deploy.0 = Release|x86
		{28BB4A6B-718E-4075-A996-73DB5B249E7D}.Ad-Hoc|x64.ActiveCfg = Release|x64
		{28BB4A6B-718E-4075-A996-73DB5B249E7D}.Ad-Hoc|x64.Build.0 = Release|x64
		{28BB4A6B-718E-4075-A996-73DB5B249E7D}.Ad-Hoc|x64.Deploy.0 = Release|x64
		{28BB4A6B-718E-4075-A996-73DB5B249E7D}.Ad-Hoc|x86.ActiveCfg = Release|x86
		{28BB4A6B-718E-4075-A996-73DB5B249E7D}.Ad-Hoc|x86.Build.0 = Release|x86
		{28BB4A6B-718E-4075-A996-73DB5B249E7D}.Ad-Hoc|x86.Deploy.0 = Release|x86
		{28BB4A6B-718E-4075-A996-73DB5B249E7D}.AppStore|Any CPU.ActiveCfg = Release|x86
		{28BB4A6B-718E-4075-A996-73DB5B249E7D}.AppStore|Any CPU.Build.0 = Release|x86
		{28BB4A6B-718E-4075-A996-73DB5B249E7D}.AppStore|Any CPU.Deploy.0 = Release|x86
		{28BB4A6B-718E-4075-A996-73DB5B249E7D}.AppStore|ARM.ActiveCfg = Release|ARM
		{28BB4A6B-718E-4075-A996-73DB5B249E7D}.AppStore|ARM.Build.0 = Release|ARM
		{28BB4A6B-718E-4075-A996-73DB5B249E7D}.AppStore|ARM.Deploy.0 = Release|ARM
		{28BB4A6B-718E-4075-A996-73DB5B249E7D}.AppStore|iPhone.ActiveCfg = Release|x86
		{28BB4A6B-718E-4075-A996-73DB5B249E7D}.AppStore|iPhone.Build.0 = Release|x86
		{28BB4A6B-718E-4075-A996-73DB5B249E7D}.AppStore|iPhone.Deploy.0 = Release|x86
		{28BB4A6B-718E-4075-A996-73DB5B249E7D}.AppStore|iPhoneSimulator.ActiveCfg = Release|x86
		{28BB4A6B-718E-4075-A996-73DB5B249E7D}.AppStore|iPhoneSimulator.Build.0 = Release|x86
		{28BB4A6B-718E-4075-A996-73DB5B249E7D}.AppStore|iPhoneSimulator.Deploy.0 = Release|x86
		{28BB4A6B-718E-4075-A996-73DB5B249E7D}.AppStore|x64.ActiveCfg = Release|x64
		{28BB4A6B-718E-4075-A996-73DB5B249E7D}.AppStore|x64.Build.0 = Release|x64
		{28BB4A6B-718E-4075-A996-73DB5B249E7D}.AppStore|x64.Deploy.0 = Release|x64
		{28BB4A6B-718E-4075-A996-73DB5B249E7D}.AppStore|x86.ActiveCfg = Release|x86
		{28BB4A6B-718E-4075-A996-73DB5B249E7D}.AppStore|x86.Build.0 = Release|x86
		{28BB4A6B-718E-4075-A996-73DB5B249E7D}.AppStore|x86.Deploy.0 = Release|x86
		{28BB4A6B-718E-4075-A996-73DB5B249E7D}.Debug|Any CPU.ActiveCfg = Debug|x86
		{28BB4A6B-718E-4075-A996-73DB5B249E7D}.Debug|Any CPU.Build.0 = Debug|x86
		{28BB4A6B-718E-4075-A996-73DB5B249E7D}.Debug|Any CPU.Deploy.0 = Debug|x86
		{28BB4A6B-718E-4075-A996-73DB5B249E7D}.Debug|ARM.ActiveCfg = Debug|ARM
		{28BB4A6B-718E-4075-A996-73DB5B249E7D}.Debug|ARM.Build.0 = Debug|ARM
		{28BB4A6B-718E-4075-A996-73DB5B249E7D}.Debug|ARM.Deploy.0 = Debug|ARM
		{28BB4A6B-718E-4075-A996-73DB5B249E7D}.Debug|iPhone.ActiveCfg = Debug|x86
		{28BB4A6B-718E-4075-A996-73DB5B249E7D}.Debug|iPhone.Build.0 = Debug|x86
		{28BB4A6B-718E-4075-A996-73DB5B249E7D}.Debug|iPhone.Deploy.0 = Debug|x86
		{28BB4A6B-718E-4075-A996-73DB5B249E7D}.Debug|iPhoneSimulator.ActiveCfg = Debug|x86
		{28BB4A6B-718E-4075-A996-73DB5B249E7D}.Debug|iPhoneSimulator.Build.0 = Debug|x86
		{28BB4A6B-718E-4075-A996-73DB5B249E7D}.Debug|iPhoneSimulator.Deploy.0 = Debug|x86
		{28BB4A6B-718E-4075-A996-73DB5B249E7D}.Debug|x64.ActiveCfg = Debug|x64
		{28BB4A6B-718E-4075-A996-73DB5B249E7D}.Debug|x64.Build.0 = Debug|x64
		{28BB4A6B-718E-4075-A996-73DB5B249E7D}.Debug|x64.Deploy.0 = Debug|x64
		{28BB4A6B-718E-4075-A996-73DB5B249E7D}.Debug|x86.ActiveCfg = Debug|x86
		{28BB4A6B-718E-4075-A996-73DB5B249E7D}.Debug|x86.Build.0 = Debug|x86
		{28BB4A6B-718E-4075-A996-73DB5B249E7D}.Debug|x86.Deploy.0 = Debug|x86
		{28BB4A6B-718E-4075-A996-73DB5B249E7D}.Release|Any CPU.ActiveCfg = Release|x86
		{28BB4A6B-718E-4075-A996-73DB5B249E7D}.Release|Any CPU.Build.0 = Release|x86
		{28BB4A6B-718E-4075-A996-73DB5B249E7D}.Release|Any CPU.Deploy.0 = Release|x86
		{28BB4A6B-718E-4075-A996-73DB5B249E7D}.Release|ARM.ActiveCfg = Release|ARM
		{28BB4A6B-718E-4075-A996-73DB5B249E7D}.Release|ARM.Build.0 = Release|ARM
		{28BB4A6B-718E-4075-A996-73DB5B249E7D}.Release|ARM.Deploy.0 = Release|ARM
		{28BB4A6B-718E-4075-A996-73DB5B249E7D}.Release|iPhone.ActiveCfg = Release|x86
		{28BB4A6B-718E-4075-A996-73DB5B249E7D}.Release|iPhone.Build.0 = Release|x86
		{28BB4A6B-718E-4075-A996-73DB5B249E7D}.Release|iPhone.Deploy.0 = Release|x86
		{28BB4A6B-718E-4075-A996-73DB5B249E7D}.Release|iPhoneSimulator.ActiveCfg = Release|x86
		{28BB4A6B-718E-4075-A996-73DB5B249E7D}.Release|iPhoneSimulator.Build.0 = Release|x86
		{28BB4A6B-718E-4075-A996-73DB5B249E7D}.Release|iPhoneSimulator.Deploy.0 = Release|x86
		{28BB4A6B-718E-4075-A996-73DB5B249E7D}.Release|x64.ActiveCfg = Release|x64
		{28BB4A6B-718E-4075-A996-73DB5B249E7D}.Release|x64.Build.0 = Release|x64
		{28BB4A6B-718E-4075-A996-73DB5B249E7D}.Release|x64.Deploy.0 = Release|x64
		{28BB4A6B-718E-4075-A996-73DB5B249E7D}.Release|x86.ActiveCfg = Release|x86
		{28BB4A6B-718E-4075-A996-73DB5B249E7D}.Release|x86.Build.0 = Release|x86
		{28BB4A6B-718E-4075-A996-73DB5B249E7D}.Release|x86.Deploy.0 = Release|x86
		{426F8D5B-E83D-435E-AE93-7BA6FC9B60A1}.Ad-Hoc|Any CPU.ActiveCfg = Debug|Any CPU
		{426F8D5B-E83D-435E-AE93-7BA6FC9B60A1}.Ad-Hoc|Any CPU.Build.0 = Debug|Any CPU
		{426F8D5B-E83D-435E-AE93-7BA6FC9B60A1}.Ad-Hoc|Any CPU.Deploy.0 = Debug|Any CPU
		{426F8D5B-E83D-435E-AE93-7BA6FC9B60A1}.Ad-Hoc|ARM.ActiveCfg = Debug|Any CPU
		{426F8D5B-E83D-435E-AE93-7BA6FC9B60A1}.Ad-Hoc|ARM.Build.0 = Debug|Any CPU
		{426F8D5B-E83D-435E-AE93-7BA6FC9B60A1}.Ad-Hoc|ARM.Deploy.0 = Debug|Any CPU
		{426F8D5B-E83D-435E-AE93-7BA6FC9B60A1}.Ad-Hoc|iPhone.ActiveCfg = Debug|Any CPU
		{426F8D5B-E83D-435E-AE93-7BA6FC9B60A1}.Ad-Hoc|iPhone.Build.0 = Debug|Any CPU
		{426F8D5B-E83D-435E-AE93-7BA6FC9B60A1}.Ad-Hoc|iPhone.Deploy.0 = Debug|Any CPU
		{426F8D5B-E83D-435E-AE93-7BA6FC9B60A1}.Ad-Hoc|iPhoneSimulator.ActiveCfg = Debug|Any CPU
		{426F8D5B-E83D-435E-AE93-7BA6FC9B60A1}.Ad-Hoc|iPhoneSimulator.Build.0 = Debug|Any CPU
		{426F8D5B-E83D-435E-AE93-7BA6FC9B60A1}.Ad-Hoc|iPhoneSimulator.Deploy.0 = Debug|Any CPU
		{426F8D5B-E83D-435E-AE93-7BA6FC9B60A1}.Ad-Hoc|x64.ActiveCfg = Debug|Any CPU
		{426F8D5B-E83D-435E-AE93-7BA6FC9B60A1}.Ad-Hoc|x64.Build.0 = Debug|Any CPU
		{426F8D5B-E83D-435E-AE93-7BA6FC9B60A1}.Ad-Hoc|x64.Deploy.0 = Debug|Any CPU
		{426F8D5B-E83D-435E-AE93-7BA6FC9B60A1}.Ad-Hoc|x86.ActiveCfg = Debug|Any CPU
		{426F8D5B-E83D-435E-AE93-7BA6FC9B60A1}.Ad-Hoc|x86.Build.0 = Debug|Any CPU
		{426F8D5B-E83D-435E-AE93-7BA6FC9B60A1}.Ad-Hoc|x86.Deploy.0 = Debug|Any CPU
		{426F8D5B-E83D-435E-AE93-7BA6FC9B60A1}.AppStore|Any CPU.ActiveCfg = Debug|Any CPU
		{426F8D5B-E83D-435E-AE93-7BA6FC9B60A1}.AppStore|Any CPU.Build.0 = Debug|Any CPU
		{426F8D5B-E83D-435E-AE93-7BA6FC9B60A1}.AppStore|Any CPU.Deploy.0 = Debug|Any CPU
		{426F8D5B-E83D-435E-AE93-7BA6FC9B60A1}.AppStore|ARM.ActiveCfg = Debug|Any CPU
		{426F8D5B-E83D-435E-AE93-7BA6FC9B60A1}.AppStore|ARM.Build.0 = Debug|Any CPU
		{426F8D5B-E83D-435E-AE93-7BA6FC9B60A1}.AppStore|ARM.Deploy.0 = Debug|Any CPU
		{426F8D5B-E83D-435E-AE93-7BA6FC9B60A1}.AppStore|iPhone.ActiveCfg = Debug|Any CPU
		{426F8D5B-E83D-435E-AE93-7BA6FC9B60A1}.AppStore|iPhone.Build.0 = Debug|Any CPU
		{426F8D5B-E83D-435E-AE93-7BA6FC9B60A1}.AppStore|iPhone.Deploy.0 = Debug|Any CPU
		{426F8D5B-E83D-435E-AE93-7BA6FC9B60A1}.AppStore|iPhoneSimulator.ActiveCfg = Debug|Any CPU
		{426F8D5B-E83D-435E-AE93-7BA6FC9B60A1}.AppStore|iPhoneSimulator.Build.0 = Debug|Any CPU
		{426F8D5B-E83D-435E-AE93-7BA6FC9B60A1}.AppStore|iPhoneSimulator.Deploy.0 = Debug|Any CPU
		{426F8D5B-E83D-435E-AE93-7BA6FC9B60A1}.AppStore|x64.ActiveCfg = Debug|Any CPU
		{426F8D5B-E83D-435E-AE93-7BA6FC9B60A1}.AppStore|x64.Build.0 = Debug|Any CPU
		{426F8D5B-E83D-435E-AE93-7BA6FC9B60A1}.AppStore|x64.Deploy.0 = Debug|Any CPU
		{426F8D5B-E83D-435E-AE93-7BA6FC9B60A1}.AppStore|x86.ActiveCfg = Debug|Any CPU
		{426F8D5B-E83D-435E-AE93-7BA6FC9B60A1}.AppStore|x86.Build.0 = Debug|Any CPU
		{426F8D5B-E83D-435E-AE93-7BA6FC9B60A1}.AppStore|x86.Deploy.0 = Debug|Any CPU
		{426F8D5B-E83D-435E-AE93-7BA6FC9B60A1}.Debug|Any CPU.ActiveCfg = Debug|Any CPU
		{426F8D5B-E83D-435E-AE93-7BA6FC9B60A1}.Debug|Any CPU.Build.0 = Debug|Any CPU
		{426F8D5B-E83D-435E-AE93-7BA6FC9B60A1}.Debug|Any CPU.Deploy.0 = Debug|Any CPU
		{426F8D5B-E83D-435E-AE93-7BA6FC9B60A1}.Debug|ARM.ActiveCfg = Debug|Any CPU
		{426F8D5B-E83D-435E-AE93-7BA6FC9B60A1}.Debug|ARM.Build.0 = Debug|Any CPU
		{426F8D5B-E83D-435E-AE93-7BA6FC9B60A1}.Debug|ARM.Deploy.0 = Debug|Any CPU
		{426F8D5B-E83D-435E-AE93-7BA6FC9B60A1}.Debug|iPhone.ActiveCfg = Debug|Any CPU
		{426F8D5B-E83D-435E-AE93-7BA6FC9B60A1}.Debug|iPhone.Build.0 = Debug|Any CPU
		{426F8D5B-E83D-435E-AE93-7BA6FC9B60A1}.Debug|iPhone.Deploy.0 = Debug|Any CPU
		{426F8D5B-E83D-435E-AE93-7BA6FC9B60A1}.Debug|iPhoneSimulator.ActiveCfg = Debug|Any CPU
		{426F8D5B-E83D-435E-AE93-7BA6FC9B60A1}.Debug|iPhoneSimulator.Build.0 = Debug|Any CPU
		{426F8D5B-E83D-435E-AE93-7BA6FC9B60A1}.Debug|iPhoneSimulator.Deploy.0 = Debug|Any CPU
		{426F8D5B-E83D-435E-AE93-7BA6FC9B60A1}.Debug|x64.ActiveCfg = Debug|Any CPU
		{426F8D5B-E83D-435E-AE93-7BA6FC9B60A1}.Debug|x64.Build.0 = Debug|Any CPU
		{426F8D5B-E83D-435E-AE93-7BA6FC9B60A1}.Debug|x64.Deploy.0 = Debug|Any CPU
		{426F8D5B-E83D-435E-AE93-7BA6FC9B60A1}.Debug|x86.ActiveCfg = Debug|Any CPU
		{426F8D5B-E83D-435E-AE93-7BA6FC9B60A1}.Debug|x86.Build.0 = Debug|Any CPU
		{426F8D5B-E83D-435E-AE93-7BA6FC9B60A1}.Debug|x86.Deploy.0 = Debug|Any CPU
		{426F8D5B-E83D-435E-AE93-7BA6FC9B60A1}.Release|Any CPU.ActiveCfg = Release|Any CPU
		{426F8D5B-E83D-435E-AE93-7BA6FC9B60A1}.Release|Any CPU.Build.0 = Release|Any CPU
		{426F8D5B-E83D-435E-AE93-7BA6FC9B60A1}.Release|Any CPU.Deploy.0 = Release|Any CPU
		{426F8D5B-E83D-435E-AE93-7BA6FC9B60A1}.Release|ARM.ActiveCfg = Release|Any CPU
		{426F8D5B-E83D-435E-AE93-7BA6FC9B60A1}.Release|ARM.Build.0 = Release|Any CPU
		{426F8D5B-E83D-435E-AE93-7BA6FC9B60A1}.Release|ARM.Deploy.0 = Release|Any CPU
		{426F8D5B-E83D-435E-AE93-7BA6FC9B60A1}.Release|iPhone.ActiveCfg = Release|Any CPU
		{426F8D5B-E83D-435E-AE93-7BA6FC9B60A1}.Release|iPhone.Build.0 = Release|Any CPU
		{426F8D5B-E83D-435E-AE93-7BA6FC9B60A1}.Release|iPhone.Deploy.0 = Release|Any CPU
		{426F8D5B-E83D-435E-AE93-7BA6FC9B60A1}.Release|iPhoneSimulator.ActiveCfg = Release|Any CPU
		{426F8D5B-E83D-435E-AE93-7BA6FC9B60A1}.Release|iPhoneSimulator.Build.0 = Release|Any CPU
		{426F8D5B-E83D-435E-AE93-7BA6FC9B60A1}.Release|iPhoneSimulator.Deploy.0 = Release|Any CPU
		{426F8D5B-E83D-435E-AE93-7BA6FC9B60A1}.Release|x64.ActiveCfg = Release|Any CPU
		{426F8D5B-E83D-435E-AE93-7BA6FC9B60A1}.Release|x64.Build.0 = Release|Any CPU
		{426F8D5B-E83D-435E-AE93-7BA6FC9B60A1}.Release|x64.Deploy.0 = Release|Any CPU
		{426F8D5B-E83D-435E-AE93-7BA6FC9B60A1}.Release|x86.ActiveCfg = Release|Any CPU
		{426F8D5B-E83D-435E-AE93-7BA6FC9B60A1}.Release|x86.Build.0 = Release|Any CPU
		{426F8D5B-E83D-435E-AE93-7BA6FC9B60A1}.Release|x86.Deploy.0 = Release|Any CPU
	EndGlobalSection
	GlobalSection(SolutionProperties) = preSolution
		HideSolutionNode = FALSE
	EndGlobalSection
	GlobalSection(ExtensibilityGlobals) = postSolution
		SolutionGuid = {A716B9D8-392E-4F11-BDB3-E07E30020A96}
	EndGlobalSection
EndGlobal
